
Microsoft Visual Studio Solution File, Format Version 12.00
# Visual Studio Version 17
VisualStudioVersion = 17.9.34607.119
MinimumVisualStudioVersion = 10.0.40219.1
Project("{2150E333-8FDC-42A3-9474-1A3956D46DE8}") = "Services", "Services", "{60044A3C-13C7-44C7-9186-5F283E02122A}"
EndProject
Project("{2150E333-8FDC-42A3-9474-1A3956D46DE8}") = "Catalog", "Catalog", "{12BE5F59-F0E5-4696-93E7-5F4EBEAD8F7E}"
EndProject
Project("{9A19103F-16F7-4668-BE54-9A1E7A4F7556}") = "Catalog.API", "Services\Catalog\Catalog.API\Catalog.API.csproj", "{7644994B-B2B6-412D-AE27-7AD6690F6FEE}"
EndProject
Project("{E53339B2-1760-4266-BCC7-CA923CBCF16C}") = "docker-compose", "docker-compose.dcproj", "{A127090A-C3F6-4E7F-BFBC-A826FA5F894C}"
EndProject
Project("{2150E333-8FDC-42A3-9474-1A3956D46DE8}") = "Basket", "Basket", "{1B213F27-5486-49CC-B965-3F5FD99FE9D1}"
EndProject
Project("{FAE04EC0-301F-11D3-BF4B-00C04F79EFBC}") = "Basket.API", "Services\Basket\Basket.API\Basket.API.csproj", "{98F71269-5026-4F37-A234-4B81BEE22D05}"
EndProject
Global
	GlobalSection(SolutionConfigurationPlatforms) = preSolution
		Debug|Any CPU = Debug|Any CPU
		Release|Any CPU = Release|Any CPU
	EndGlobalSection
	GlobalSection(ProjectConfigurationPlatforms) = postSolution
		{7644994B-B2B6-412D-AE27-7AD6690F6FEE}.Debug|Any CPU.ActiveCfg = Debug|Any CPU
		{7644994B-B2B6-412D-AE27-7AD6690F6FEE}.Debug|Any CPU.Build.0 = Debug|Any CPU
		{7644994B-B2B6-412D-AE27-7AD6690F6FEE}.Release|Any CPU.ActiveCfg = Release|Any CPU
		{7644994B-B2B6-412D-AE27-7AD6690F6FEE}.Release|Any CPU.Build.0 = Release|Any CPU
		{A127090A-C3F6-4E7F-BFBC-A826FA5F894C}.Debug|Any CPU.ActiveCfg = Debug|Any CPU
		{A127090A-C3F6-4E7F-BFBC-A826FA5F894C}.Debug|Any CPU.Build.0 = Debug|Any CPU
		{A127090A-C3F6-4E7F-BFBC-A826FA5F894C}.Release|Any CPU.ActiveCfg = Release|Any CPU
		{A127090A-C3F6-4E7F-BFBC-A826FA5F894C}.Release|Any CPU.Build.0 = Release|Any CPU
		{98F71269-5026-4F37-A234-4B81BEE22D05}.Debug|Any CPU.ActiveCfg = Debug|Any CPU
		{98F71269-5026-4F37-A234-4B81BEE22D05}.Debug|Any CPU.Build.0 = Debug|Any CPU
		{98F71269-5026-4F37-A234-4B81BEE22D05}.Release|Any CPU.ActiveCfg = Release|Any CPU
		{98F71269-5026-4F37-A234-4B81BEE22D05}.Release|Any CPU.Build.0 = Release|Any CPU
	EndGlobalSection
	GlobalSection(SolutionProperties) = preSolution
		HideSolutionNode = FALSE
	EndGlobalSection
	GlobalSection(NestedProjects) = preSolution
		{12BE5F59-F0E5-4696-93E7-5F4EBEAD8F7E} = {60044A3C-13C7-44C7-9186-5F283E02122A}
		{7644994B-B2B6-412D-AE27-7AD6690F6FEE} = {12BE5F59-F0E5-4696-93E7-5F4EBEAD8F7E}
		{1B213F27-5486-49CC-B965-3F5FD99FE9D1} = {60044A3C-13C7-44C7-9186-5F283E02122A}
		{98F71269-5026-4F37-A234-4B81BEE22D05} = {1B213F27-5486-49CC-B965-3F5FD99FE9D1}
	EndGlobalSection
	GlobalSection(ExtensibilityGlobals) = postSolution
		SolutionGuid = {1D48B725-341B-4D31-913E-6C487C70A7CC}
	EndGlobalSection
EndGlobal
